# THIS IS AN AUTOGENERATED FILE. DO NOT EDIT THIS FILE DIRECTLY.
# yarn lockfile v1


"@types/node@^14.14.11":
  version "14.14.11"
  resolved "https://registry.npm.taobao.org/@types/node/download/@types/node-14.14.11.tgz?cache=0&sync_timestamp=1607444900121&other_urls=https%3A%2F%2Fregistry.npm.taobao.org%2F%40types%2Fnode%2Fdownload%2F%40types%2Fnode-14.14.11.tgz#fc25a4248a5e8d0837019b1d170146d07334abe0"
  integrity sha1-/CWkJIpejQg3AZsdFwFG0HM0q+A=
